
Microsoft Visual Studio Solution File, Format Version 12.00
# Visual Studio 2012
Project("{D954291E-2A0B-460D-934E-DC6B0785DB48}") = "SharedUIDemo", "SharedUIDemo\SharedUIDemo.shproj", "{C14F67FA-453D-4763-BAB0-3BB59E41F114}"
EndProject
Project("{FAE04EC0-301F-11D3-BF4B-00C04F79EFBC}") = "SharedUIDemo.iOS", "iOS\SharedUIDemo.iOS.csproj", "{59A06EB4-4251-4517-BD8E-E02D3C8AFF94}"
EndProject
Project("{FAE04EC0-301F-11D3-BF4B-00C04F79EFBC}") = "SharedUIDemo.Droid", "Droid\SharedUIDemo.Droid.csproj", "{A2163ED4-4A71-4876-9187-05AAF3BCB23D}"
EndProject
Global
	GlobalSection(SolutionConfigurationPlatforms) = preSolution
		Debug|iPhoneSimulator = Debug|iPhoneSimulator
		Release|iPhoneSimulator = Release|iPhoneSimulator
		Debug|iPhone = Debug|iPhone
		Release|iPhone = Release|iPhone
		Ad-Hoc|iPhone = Ad-Hoc|iPhone
		AppStore|iPhone = AppStore|iPhone
		Debug|Any CPU = Debug|Any CPU
		Release|Any CPU = Release|Any CPU
	EndGlobalSection
	GlobalSection(ProjectConfigurationPlatforms) = postSolution
		{59A06EB4-4251-4517-BD8E-E02D3C8AFF94}.Ad-Hoc|iPhone.ActiveCfg = Ad-Hoc|iPhone
		{59A06EB4-4251-4517-BD8E-E02D3C8AFF94}.Ad-Hoc|iPhone.Build.0 = Ad-Hoc|iPhone
		{59A06EB4-4251-4517-BD8E-E02D3C8AFF94}.AppStore|iPhone.ActiveCfg = AppStore|iPhone
		{59A06EB4-4251-4517-BD8E-E02D3C8AFF94}.AppStore|iPhone.Build.0 = AppStore|iPhone
		{59A06EB4-4251-4517-BD8E-E02D3C8AFF94}.Debug|Any CPU.ActiveCfg = Debug|iPhoneSimulator
		{59A06EB4-4251-4517-BD8E-E02D3C8AFF94}.Debug|Any CPU.Build.0 = Debug|iPhoneSimulator
		{59A06EB4-4251-4517-BD8E-E02D3C8AFF94}.Debug|iPhone.ActiveCfg = Debug|iPhone
		{59A06EB4-4251-4517-BD8E-E02D3C8AFF94}.Debug|iPhone.Build.0 = Debug|iPhone
		{59A06EB4-4251-4517-BD8E-E02D3C8AFF94}.Debug|iPhoneSimulator.ActiveCfg = Debug|iPhoneSimulator
		{59A06EB4-4251-4517-BD8E-E02D3C8AFF94}.Debug|iPhoneSimulator.Build.0 = Debug|iPhoneSimulator
		{59A06EB4-4251-4517-BD8E-E02D3C8AFF94}.Release|Any CPU.ActiveCfg = Release|iPhoneSimulator
		{59A06EB4-4251-4517-BD8E-E02D3C8AFF94}.Release|Any CPU.Build.0 = Release|iPhoneSimulator
		{59A06EB4-4251-4517-BD8E-E02D3C8AFF94}.Release|iPhone.ActiveCfg = Release|iPhone
		{59A06EB4-4251-4517-BD8E-E02D3C8AFF94}.Release|iPhone.Build.0 = Release|iPhone
		{59A06EB4-4251-4517-BD8E-E02D3C8AFF94}.Release|iPhoneSimulator.ActiveCfg = Release|iPhoneSimulator
		{59A06EB4-4251-4517-BD8E-E02D3C8AFF94}.Release|iPhoneSimulator.Build.0 = Release|iPhoneSimulator
		{A2163ED4-4A71-4876-9187-05AAF3BCB23D}.Ad-Hoc|iPhone.ActiveCfg = Release|Any CPU
		{A2163ED4-4A71-4876-9187-05AAF3BCB23D}.Ad-Hoc|iPhone.Build.0 = Release|Any CPU
		{A2163ED4-4A71-4876-9187-05AAF3BCB23D}.AppStore|iPhone.ActiveCfg = Release|Any CPU
		{A2163ED4-4A71-4876-9187-05AAF3BCB23D}.AppStore|iPhone.Build.0 = Release|Any CPU
		{A2163ED4-4A71-4876-9187-05AAF3BCB23D}.Debug|Any CPU.ActiveCfg = Debug|Any CPU
		{A2163ED4-4A71-4876-9187-05AAF3BCB23D}.Debug|Any CPU.Build.0 = Debug|Any CPU
		{A2163ED4-4A71-4876-9187-05AAF3BCB23D}.Debug|iPhone.ActiveCfg = Debug|Any CPU
		{A2163ED4-4A71-4876-9187-05AAF3BCB23D}.Debug|iPhone.Build.0 = Debug|Any CPU
		{A2163ED4-4A71-4876-9187-05AAF3BCB23D}.Debug|iPhoneSimulator.ActiveCfg = Debug|Any CPU
		{A2163ED4-4A71-4876-9187-05AAF3BCB23D}.Debug|iPhoneSimulator.Build.0 = Debug|Any CPU
		{A2163ED4-4A71-4876-9187-05AAF3BCB23D}.Release|Any CPU.ActiveCfg = Release|Any CPU
		{A2163ED4-4A71-4876-9187-05AAF3BCB23D}.Release|Any CPU.Build.0 = Release|Any CPU
		{A2163ED4-4A71-4876-9187-05AAF3BCB23D}.Release|iPhone.ActiveCfg = Release|Any CPU
		{A2163ED4-4A71-4876-9187-05AAF3BCB23D}.Release|iPhone.Build.0 = Release|Any CPU
		{A2163ED4-4A71-4876-9187-05AAF3BCB23D}.Release|iPhoneSimulator.ActiveCfg = Release|Any CPU
		{A2163ED4-4A71-4876-9187-05AAF3BCB23D}.Release|iPhoneSimulator.Build.0 = Release|Any CPU
	EndGlobalSection
EndGlobal
